
Microsoft Visual Studio Solution File, Format Version 12.00
# Visual Studio 2013
VisualStudioVersion = 12.0.21005.1
MinimumVisualStudioVersion = 10.0.40219.1
Project("{FAE04EC0-301F-11D3-BF4B-00C04F79EFBC}") = "EventPlanner", "EventPlanner.csproj", "{341467D3-4D8D-4754-85FA-C0B6CF08C44B}"
EndProject
Global
	GlobalSection(SolutionConfigurationPlatforms) = preSolution
		Debug|Any CPU = Debug|Any CPU
		Debug|x64 = Debug|x64
		Debug|x86 = Debug|x86
		Release|Any CPU = Release|Any CPU
		Release|x64 = Release|x64
		Release|x86 = Release|x86
	EndGlobalSection
	GlobalSection(ProjectConfigurationPlatforms) = postSolution
		{341467D3-4D8D-4754-85FA-C0B6CF08C44B}.Debug|Any CPU.ActiveCfg = Debug|Any CPU
		{341467D3-4D8D-4754-85FA-C0B6CF08C44B}.Debug|Any CPU.Build.0 = Debug|Any CPU
		{341467D3-4D8D-4754-85FA-C0B6CF08C44B}.Debug|x64.ActiveCfg = Debug|x64
		{341467D3-4D8D-4754-85FA-C0B6CF08C44B}.Debug|x64.Build.0 = Debug|x64
		{341467D3-4D8D-4754-85FA-C0B6CF08C44B}.Debug|x86.ActiveCfg = Debug|x86
		{341467D3-4D8D-4754-85FA-C0B6CF08C44B}.Debug|x86.Build.0 = Debug|x86
		{341467D3-4D8D-4754-85FA-C0B6CF08C44B}.Release|Any CPU.ActiveCfg = Release|Any CPU
		{341467D3-4D8D-4754-85FA-C0B6CF08C44B}.Release|Any CPU.Build.0 = Release|Any CPU
		{341467D3-4D8D-4754-85FA-C0B6CF08C44B}.Release|x64.ActiveCfg = Release|x64
		{341467D3-4D8D-4754-85FA-C0B6CF08C44B}.Release|x64.Build.0 = Release|x64
		{341467D3-4D8D-4754-85FA-C0B6CF08C44B}.Release|x86.ActiveCfg = Release|x86
		{341467D3-4D8D-4754-85FA-C0B6CF08C44B}.Release|x86.Build.0 = Release|x86
	EndGlobalSection
	GlobalSection(SolutionProperties) = preSolution
		HideSolutionNode = FALSE
	EndGlobalSection
	GlobalSection(ExtensibilityGlobals) = postSolution
		SolutionGuid = {F5358BFF-9C14-49BD-9F4A-C2626F51A2D2}
	EndGlobalSection
EndGlobal
